<?xml version="1.0" encoding="utf-8"?>
<Project ToolsVersion="4.0" xmlns="http://schemas.microsoft.com/developer/msbuild/2003">
  <ItemGroup>
    <Filter Include="Source Files">
      <UniqueIdentifier>{4FC737F1-C7A5-4376-A066-2A32D752A2FF}</UniqueIdentifier>
      <Extensions>cpp;c;cc;cxx;c++;cppm;ixx;def;odl;idl;hpj;bat;asm;asmx</Extensions>
    </Filter>
    <Filter Include="Resource Files">
      <UniqueIdentifier>{67DA6AB6-F800-4c08-8B7A-83BB121AAD01}</UniqueIdentifier>
      <Extensions>rc;ico;cur;bmp;dlg;rc2;rct;bin;rgs;gif;jpg;jpeg;jpe;resx;tiff;tif;png;wav;mfcribbon-ms</Extensions>
    </Filter>
    <Filter Include="Source Files\Engine">
      <UniqueIdentifier>{31ba17d1-3eb4-413d-af69-420b172fcec2}</UniqueIdentifier>
    </Filter>
    <Filter Include="Source Files\Engine\Platform">
      <UniqueIdentifier>{752ac27b-b666-4b8b-b952-7adbae156f20}</UniqueIdentifier>
    </Filter>
    <Filter Include="Source Files\Engine\Platform\Windows">
      <UniqueIdentifier>{d10d88e4-0883-4c6b-89ef-f283fb5902a9}</UniqueIdentifier>
    </Filter>
    <Filter Include="Source Files\Engine\Core">
      <UniqueIdentifier>{b758a8fd-bf47-4a33-a1d0-7042577a3d62}</UniqueIdentifier>
    </Filter>
    <Filter Include="Source Files\Engine\Core\Graphics">
      <UniqueIdentifier>{c3203b5a-0645-4267-bfdb-9423e2353e6d}</UniqueIdentifier>
    </Filter>
    <Filter Include="Source Files\Engine\Util">
      <UniqueIdentifier>{365ac649-6fce-4cd8-a20a-bb1f3f615381}</UniqueIdentifier>
    </Filter>
  </ItemGroup>
  <ItemGroup>
    <ClCompile Include="WinMain.cpp">
      <Filter>Source Files</Filter>
    </ClCompile>
    <ClCompile Include="Engine\Core\Engine.cpp">
      <Filter>Source Files\Engine\Core</Filter>
    </ClCompile>
    <ClCompile Include="Engine\Platform\Windows\OSWindows.cpp">
      <Filter>Source Files\Engine\Platform\Windows</Filter>
    </ClCompile>
    <ClCompile Include="Engine\Core\Graphics\Graphics.cpp">
      <Filter>Source Files\Engine\Core\Graphics</Filter>
    </ClCompile>
    <ClCompile Include="Engine\Util\Exception.cpp">
      <Filter>Source Files\Engine\Util</Filter>
    </ClCompile>
    <ClCompile Include="Engine\Core\IO\KeyboardManager.cpp">
      <Filter>Source Files</Filter>
    </ClCompile>
  </ItemGroup>
  <ItemGroup>
    <ClInclude Include="Engine\Platform\Windows\MyWin.h">
      <Filter>Source Files\Engine\Platform\Windows</Filter>
    </ClInclude>
    <ClInclude Include="Engine\Core\Engine.h">
      <Filter>Source Files\Engine\Core</Filter>
    </ClInclude>
    <ClInclude Include="Engine\Platform\OS.h">
      <Filter>Source Files\Engine\Platform</Filter>
    </ClInclude>
    <ClInclude Include="Engine\Platform\Windows\OSWindows.h">
      <Filter>Source Files\Engine\Platform\Windows</Filter>
    </ClInclude>
    <ClInclude Include="Engine\Core\Graphics\Graphics.h">
      <Filter>Source Files\Engine\Core\Graphics</Filter>
    </ClInclude>
    <ClInclude Include="Engine\Util\Exception.h">
      <Filter>Source Files\Engine\Util</Filter>
    </ClInclude>
    <ClInclude Include="Engine\Util\EventServer.h" />
    <ClInclude Include="Engine\Util\EventSubscriber.h" />
    <ClInclude Include="Engine\Core\IO\KeyboardManager.h" />
  </ItemGroup>
</Project>